
Microsoft Visual Studio Solution File, Format Version 12.00
# Visual Studio 15
VisualStudioVersion = 15.0.28307.136
MinimumVisualStudioVersion = 10.0.40219.1
Project("{FAE04EC0-301F-11D3-BF4B-00C04F79EFBC}") = "InterestRateCounter", "InterestRateCounter\InterestRateCounter.csproj", "{7550D6D7-2373-4134-989F-366EE5547980}"
EndProject
Project("{FAE04EC0-301F-11D3-BF4B-00C04F79EFBC}") = "InterestRateCounter.Service", "InterestRateCounter.Service\InterestRateCounter.Service.csproj", "{623C27CE-71EF-4D91-A521-B4270A483921}"
EndProject
Project("{FAE04EC0-301F-11D3-BF4B-00C04F79EFBC}") = "InterestRateCounter.DAL", "InterestRateCounter.DAL\InterestRateCounter.DAL.csproj", "{ED8977DA-7EA6-48A8-A4F1-8EB7E812C205}"
EndProject
Project("{FAE04EC0-301F-11D3-BF4B-00C04F79EFBC}") = "InterestRateCounter.Common", "InterestRateCounter.Common\InterestRateCounter.Common.csproj", "{14C21844-C016-4045-81B6-3DD91D0E95FB}"
EndProject
Project("{FAE04EC0-301F-11D3-BF4B-00C04F79EFBC}") = "InterestRateCounter.Models", "InterestRateCounter.Models\InterestRateCounter.Models.csproj", "{E9EE86B7-4E8E-469C-93AE-5E3FA2D7EA53}"
EndProject
Global
	GlobalSection(SolutionConfigurationPlatforms) = preSolution
		Debug|Any CPU = Debug|Any CPU
		Release|Any CPU = Release|Any CPU
	EndGlobalSection
	GlobalSection(ProjectConfigurationPlatforms) = postSolution
		{7550D6D7-2373-4134-989F-366EE5547980}.Debug|Any CPU.ActiveCfg = Debug|Any CPU
		{7550D6D7-2373-4134-989F-366EE5547980}.Debug|Any CPU.Build.0 = Debug|Any CPU
		{7550D6D7-2373-4134-989F-366EE5547980}.Release|Any CPU.ActiveCfg = Release|Any CPU
		{7550D6D7-2373-4134-989F-366EE5547980}.Release|Any CPU.Build.0 = Release|Any CPU
		{623C27CE-71EF-4D91-A521-B4270A483921}.Debug|Any CPU.ActiveCfg = Debug|Any CPU
		{623C27CE-71EF-4D91-A521-B4270A483921}.Debug|Any CPU.Build.0 = Debug|Any CPU
		{623C27CE-71EF-4D91-A521-B4270A483921}.Release|Any CPU.ActiveCfg = Release|Any CPU
		{623C27CE-71EF-4D91-A521-B4270A483921}.Release|Any CPU.Build.0 = Release|Any CPU
		{ED8977DA-7EA6-48A8-A4F1-8EB7E812C205}.Debug|Any CPU.ActiveCfg = Debug|Any CPU
		{ED8977DA-7EA6-48A8-A4F1-8EB7E812C205}.Debug|Any CPU.Build.0 = Debug|Any CPU
		{ED8977DA-7EA6-48A8-A4F1-8EB7E812C205}.Release|Any CPU.ActiveCfg = Release|Any CPU
		{ED8977DA-7EA6-48A8-A4F1-8EB7E812C205}.Release|Any CPU.Build.0 = Release|Any CPU
		{14C21844-C016-4045-81B6-3DD91D0E95FB}.Debug|Any CPU.ActiveCfg = Debug|Any CPU
		{14C21844-C016-4045-81B6-3DD91D0E95FB}.Debug|Any CPU.Build.0 = Debug|Any CPU
		{14C21844-C016-4045-81B6-3DD91D0E95FB}.Release|Any CPU.ActiveCfg = Release|Any CPU
		{14C21844-C016-4045-81B6-3DD91D0E95FB}.Release|Any CPU.Build.0 = Release|Any CPU
		{E9EE86B7-4E8E-469C-93AE-5E3FA2D7EA53}.Debug|Any CPU.ActiveCfg = Debug|Any CPU
		{E9EE86B7-4E8E-469C-93AE-5E3FA2D7EA53}.Debug|Any CPU.Build.0 = Debug|Any CPU
		{E9EE86B7-4E8E-469C-93AE-5E3FA2D7EA53}.Release|Any CPU.ActiveCfg = Release|Any CPU
		{E9EE86B7-4E8E-469C-93AE-5E3FA2D7EA53}.Release|Any CPU.Build.0 = Release|Any CPU
	EndGlobalSection
	GlobalSection(SolutionProperties) = preSolution
		HideSolutionNode = FALSE
	EndGlobalSection
	GlobalSection(ExtensibilityGlobals) = postSolution
		SolutionGuid = {40AB5801-A39D-4252-98F8-C7FDBBE416C0}
	EndGlobalSection
EndGlobal
